// !$*UTF8*$!
{
	archiveVersion = 1;
	classes = {
	};
	objectVersion = 46;
	objects = {

/* Begin PBXBuildFile section */
		D4121E601AF17475002C6A7B /* JLNRBarBackgroundView.m in Sources */ = {isa = PBXBuildFile; fileRef = D4121E591AF17475002C6A7B /* JLNRBarBackgroundView.m */; };
		D4121E611AF17475002C6A7B /* JLNRBarCell.m in Sources */ = {isa = PBXBuildFile; fileRef = D4121E5B1AF17475002C6A7B /* JLNRBarCell.m */; };
		D4121E621AF17475002C6A7B /* JLNRBar.m in Sources */ = {isa = PBXBuildFile; fileRef = D4121E5D1AF17475002C6A7B /* JLNRBar.m */; };
		D4121E631AF17475002C6A7B /* JLNRSideBarController.m in Sources */ = {isa = PBXBuildFile; fileRef = D4121E5F1AF17475002C6A7B /* JLNRSideBarController.m */; };
		D4E81D601AEE8DB9006F6502 /* main.m in Sources */ = {isa = PBXBuildFile; fileRef = D4E81D5F1AEE8DB9006F6502 /* main.m */; };
		D4E81D631AEE8DB9006F6502 /* AppDelegate.m in Sources */ = {isa = PBXBuildFile; fileRef = D4E81D621AEE8DB9006F6502 /* AppDelegate.m */; };
		D4E81D661AEE8DB9006F6502 /* IntroViewController.m in Sources */ = {isa = PBXBuildFile; fileRef = D4E81D651AEE8DB9006F6502 /* IntroViewController.m */; };
		D4E81D691AEE8DB9006F6502 /* Main.storyboard in Resources */ = {isa = PBXBuildFile; fileRef = D4E81D671AEE8DB9006F6502 /* Main.storyboard */; };
		D4E81D6B1AEE8DB9006F6502 /* Images.xcassets in Resources */ = {isa = PBXBuildFile; fileRef = D4E81D6A1AEE8DB9006F6502 /* Images.xcassets */; };
		D4E81D6E1AEE8DB9006F6502 /* LaunchScreen.xib in Resources */ = {isa = PBXBuildFile; fileRef = D4E81D6C1AEE8DB9006F6502 /* LaunchScreen.xib */; };
		D4E81D921AEE92D4006F6502 /* StylingViewController.m in Sources */ = {isa = PBXBuildFile; fileRef = D4E81D911AEE92D4006F6502 /* StylingViewController.m */; };
/* End PBXBuildFile section */

/* Begin PBXFileReference section */
		D4121E581AF17475002C6A7B /* JLNRBarBackgroundView.h */ = {isa = PBXFileReference; fileEncoding = 4; lastKnownFileType = sourcecode.c.h; name = JLNRBarBackgroundView.h; path = ../Classes/JLNRBarBackgroundView.h; sourceTree = "<group>"; };
		D4121E591AF17475002C6A7B /* JLNRBarBackgroundView.m */ = {isa = PBXFileReference; fileEncoding = 4; lastKnownFileType = sourcecode.c.objc; name = JLNRBarBackgroundView.m; path = ../Classes/JLNRBarBackgroundView.m; sourceTree = "<group>"; };
		D4121E5A1AF17475002C6A7B /* JLNRBarCell.h */ = {isa = PBXFileReference; fileEncoding = 4; lastKnownFileType = sourcecode.c.h; name = JLNRBarCell.h; path = ../Classes/JLNRBarCell.h; sourceTree = "<group>"; };
		D4121E5B1AF17475002C6A7B /* JLNRBarCell.m */ = {isa = PBXFileReference; fileEncoding = 4; lastKnownFileType = sourcecode.c.objc; name = JLNRBarCell.m; path = ../Classes/JLNRBarCell.m; sourceTree = "<group>"; };
		D4121E5C1AF17475002C6A7B /* JLNRBar.h */ = {isa = PBXFileReference; fileEncoding = 4; lastKnownFileType = sourcecode.c.h; name = JLNRBar.h; path = ../Classes/JLNRBar.h; sourceTree = "<group>"; };
		D4121E5D1AF17475002C6A7B /* JLNRBar.m */ = {isa = PBXFileReference; fileEncoding = 4; lastKnownFileType = sourcecode.c.objc; name = JLNRBar.m; path = ../Classes/JLNRBar.m; sourceTree = "<group>"; };
		D4121E5E1AF17475002C6A7B /* JLNRSideBarController.h */ = {isa = PBXFileReference; fileEncoding = 4; lastKnownFileType = sourcecode.c.h; name = JLNRSideBarController.h; path = ../Classes/JLNRSideBarController.h; sourceTree = "<group>"; };
		D4121E5F1AF17475002C6A7B /* JLNRSideBarController.m */ = {isa = PBXFileReference; fileEncoding = 4; lastKnownFileType = sourcecode.c.objc; name = JLNRSideBarController.m; path = ../Classes/JLNRSideBarController.m; sourceTree = "<group>"; };
		D4E81D5A1AEE8DB9006F6502 /* JLNRSideBarControllerExample.app */ = {isa = PBXFileReference; explicitFileType = wrapper.application; includeInIndex = 0; path = JLNRSideBarControllerExample.app; sourceTree = BUILT_PRODUCTS_DIR; };
		D4E81D5E1AEE8DB9006F6502 /* Info.plist */ = {isa = PBXFileReference; lastKnownFileType = text.plist.xml; path = Info.plist; sourceTree = "<group>"; };
		D4E81D5F1AEE8DB9006F6502 /* main.m */ = {isa = PBXFileReference; lastKnownFileType = sourcecode.c.objc; path = main.m; sourceTree = "<group>"; };
		D4E81D611AEE8DB9006F6502 /* AppDelegate.h */ = {isa = PBXFileReference; lastKnownFileType = sourcecode.c.h; path = AppDelegate.h; sourceTree = "<group>"; };
		D4E81D621AEE8DB9006F6502 /* AppDelegate.m */ = {isa = PBXFileReference; lastKnownFileType = sourcecode.c.objc; path = AppDelegate.m; sourceTree = "<group>"; };
		D4E81D641AEE8DB9006F6502 /* IntroViewController.h */ = {isa = PBXFileReference; lastKnownFileType = sourcecode.c.h; path = IntroViewController.h; sourceTree = "<group>"; };
		D4E81D651AEE8DB9006F6502 /* IntroViewController.m */ = {isa = PBXFileReference; lastKnownFileType = sourcecode.c.objc; path = IntroViewController.m; sourceTree = "<group>"; };
		D4E81D681AEE8DB9006F6502 /* Base */ = {isa = PBXFileReference; lastKnownFileType = file.storyboard; name = Base; path = Base.lproj/Main.storyboard; sourceTree = "<group>"; };
		D4E81D6A1AEE8DB9006F6502 /* Images.xcassets */ = {isa = PBXFileReference; lastKnownFileType = folder.assetcatalog; path = Images.xcassets; sourceTree = "<group>"; };
		D4E81D6D1AEE8DB9006F6502 /* Base */ = {isa = PBXFileReference; lastKnownFileType = file.xib; name = Base; path = Base.lproj/LaunchScreen.xib; sourceTree = "<group>"; };
		D4E81D901AEE92D4006F6502 /* StylingViewController.h */ = {isa = PBXFileReference; fileEncoding = 4; lastKnownFileType = sourcecode.c.h; path = StylingViewController.h; sourceTree = "<group>"; };
		D4E81D911AEE92D4006F6502 /* StylingViewController.m */ = {isa = PBXFileReference; fileEncoding = 4; lastKnownFileType = sourcecode.c.objc; path = StylingViewController.m; sourceTree = "<group>"; };
/* End PBXFileReference section */

/* Begin PBXFrameworksBuildPhase section */
		D4E81D571AEE8DB9006F6502 /* Frameworks */ = {
			isa = PBXFrameworksBuildPhase;
			buildActionMask = 2147483647;
			files = (
			);
			runOnlyForDeploymentPostprocessing = 0;
		};
/* End PBXFrameworksBuildPhase section */

/* Begin PBXGroup section */
		D4E81D511AEE8DB9006F6502 = {
			isa = PBXGroup;
			children = (
				D4E81D5C1AEE8DB9006F6502 /* Example */,
				D4E81D831AEE8E13006F6502 /* JLNRSideBarController */,
				D4E81D5B1AEE8DB9006F6502 /* Products */,
			);
			sourceTree = "<group>";
		};
		D4E81D5B1AEE8DB9006F6502 /* Products */ = {
			isa = PBXGroup;
			children = (
				D4E81D5A1AEE8DB9006F6502 /* JLNRSideBarControllerExample.app */,
			);
			name = Products;
			sourceTree = "<group>";
		};
		D4E81D5C1AEE8DB9006F6502 /* Example */ = {
			isa = PBXGroup;
			children = (
				D4E81D611AEE8DB9006F6502 /* AppDelegate.h */,
				D4E81D621AEE8DB9006F6502 /* AppDelegate.m */,
				D4E81D6A1AEE8DB9006F6502 /* Images.xcassets */,
				D4E81D641AEE8DB9006F6502 /* IntroViewController.h */,
				D4E81D651AEE8DB9006F6502 /* IntroViewController.m */,
				D4E81D6C1AEE8DB9006F6502 /* LaunchScreen.xib */,
				D4E81D671AEE8DB9006F6502 /* Main.storyboard */,
				D4E81D901AEE92D4006F6502 /* StylingViewController.h */,
				D4E81D911AEE92D4006F6502 /* StylingViewController.m */,
				D4E81D5D1AEE8DB9006F6502 /* Supporting Files */,
			);
			name = Example;
			sourceTree = "<group>";
		};
		D4E81D5D1AEE8DB9006F6502 /* Supporting Files */ = {
			isa = PBXGroup;
			children = (
				D4E81D5E1AEE8DB9006F6502 /* Info.plist */,
				D4E81D5F1AEE8DB9006F6502 /* main.m */,
			);
			name = "Supporting Files";
			sourceTree = "<group>";
		};
		D4E81D831AEE8E13006F6502 /* JLNRSideBarController */ = {
			isa = PBXGroup;
			children = (
				D4121E581AF17475002C6A7B /* JLNRBarBackgroundView.h */,
				D4121E591AF17475002C6A7B /* JLNRBarBackgroundView.m */,
				D4121E5A1AF17475002C6A7B /* JLNRBarCell.h */,
				D4121E5B1AF17475002C6A7B /* JLNRBarCell.m */,
				D4121E5C1AF17475002C6A7B /* JLNRBar.h */,
				D4121E5D1AF17475002C6A7B /* JLNRBar.m */,
				D4121E5E1AF17475002C6A7B /* JLNRSideBarController.h */,
				D4121E5F1AF17475002C6A7B /* JLNRSideBarController.m */,
			);
			name = JLNRSideBarController;
			sourceTree = "<group>";
		};
/* End PBXGroup section */

/* Begin PBXNativeTarget section */
		D4E81D591AEE8DB9006F6502 /* JLNRSideBarControllerExample */ = {
			isa = PBXNativeTarget;
			buildConfigurationList = D4E81D7D1AEE8DB9006F6502 /* Build configuration list for PBXNativeTarget "JLNRSideBarControllerExample" */;
			buildPhases = (
				D4E81D561AEE8DB9006F6502 /* Sources */,
				D4E81D571AEE8DB9006F6502 /* Frameworks */,
				D4E81D581AEE8DB9006F6502 /* Resources */,
			);
			buildRules = (
			);
			dependencies = (
			);
			name = JLNRSideBarControllerExample;
			productName = JLNRMenuControllerExample;
			productReference = D4E81D5A1AEE8DB9006F6502 /* JLNRSideBarControllerExample.app */;
			productType = "com.apple.product-type.application";
		};
/* End PBXNativeTarget section */

/* Begin PBXProject section */
		D4E81D521AEE8DB9006F6502 /* Project object */ = {
			isa = PBXProject;
			attributes = {
				LastUpgradeCheck = 0630;
				ORGANIZATIONNAME = "Julian Raschke";
				TargetAttributes = {
					D4E81D591AEE8DB9006F6502 = {
						CreatedOnToolsVersion = 6.3.1;
					};
				};
			};
			buildConfigurationList = D4E81D551AEE8DB9006F6502 /* Build configuration list for PBXProject "JLNRSideBarControllerExample" */;
			compatibilityVersion = "Xcode 3.2";
			developmentRegion = English;
			hasScannedForEncodings = 0;
			knownRegions = (
				en,
				Base,
			);
			mainGroup = D4E81D511AEE8DB9006F6502;
			productRefGroup = D4E81D5B1AEE8DB9006F6502 /* Products */;
			projectDirPath = "";
			projectRoot = "";
			targets = (
				D4E81D591AEE8DB9006F6502 /* JLNRSideBarControllerExample */,
			);
		};
/* End PBXProject section */

/* Begin PBXResourcesBuildPhase section */
		D4E81D581AEE8DB9006F6502 /* Resources */ = {
			isa = PBXResourcesBuildPhase;
			buildActionMask = 2147483647;
			files = (
				D4E81D691AEE8DB9006F6502 /* Main.storyboard in Resources */,
				D4E81D6E1AEE8DB9006F6502 /* LaunchScreen.xib in Resources */,
				D4E81D6B1AEE8DB9006F6502 /* Images.xcassets in Resources */,
			);
			runOnlyForDeploymentPostprocessing = 0;
		};
/* End PBXResourcesBuildPhase section */

/* Begin PBXSourcesBuildPhase section */
		D4E81D561AEE8DB9006F6502 /* Sources */ = {
			isa = PBXSourcesBuildPhase;
			buildActionMask = 2147483647;
			files = (
				D4E81D661AEE8DB9006F6502 /* IntroViewController.m in Sources */,
				D4121E601AF17475002C6A7B /* JLNRBarBackgroundView.m in Sources */,
				D4E81D921AEE92D4006F6502 /* StylingViewController.m in Sources */,
				D4E81D631AEE8DB9006F6502 /* AppDelegate.m in Sources */,
				D4E81D601AEE8DB9006F6502 /* main.m in Sources */,
				D4121E621AF17475002C6A7B /* JLNRBar.m in Sources */,
				D4121E631AF17475002C6A7B /* JLNRSideBarController.m in Sources */,
				D4121E611AF17475002C6A7B /* JLNRBarCell.m in Sources */,
			);
			runOnlyForDeploymentPostprocessing = 0;
		};
/* End PBXSourcesBuildPhase section */

/* Begin PBXVariantGroup section */
		D4E81D671AEE8DB9006F6502 /* Main.storyboard */ = {
			isa = PBXVariantGroup;
			children = (
				D4E81D681AEE8DB9006F6502 /* Base */,
			);
			name = Main.storyboard;
			sourceTree = "<group>";
		};
		D4E81D6C1AEE8DB9006F6502 /* LaunchScreen.xib */ = {
			isa = PBXVariantGroup;
			children = (
				D4E81D6D1AEE8DB9006F6502 /* Base */,
			);
			name = LaunchScreen.xib;
			sourceTree = "<group>";
		};
/* End PBXVariantGroup section */

/* Begin XCBuildConfiguration section */
		D4E81D7B1AEE8DB9006F6502 /* Debug */ = {
			isa = XCBuildConfiguration;
			buildSettings = {
				ALWAYS_SEARCH_USER_PATHS = NO;
				CLANG_CXX_LANGUAGE_STANDARD = "gnu++0x";
				CLANG_CXX_LIBRARY = "libc++";
				CLANG_ENABLE_MODULES = YES;
				CLANG_ENABLE_OBJC_ARC = YES;
				CLANG_WARN_BOOL_CONVERSION = YES;
				CLANG_WARN_CONSTANT_CONVERSION = YES;
				CLANG_WARN_DIRECT_OBJC_ISA_USAGE = YES_ERROR;
				CLANG_WARN_EMPTY_BODY = YES;
				CLANG_WARN_ENUM_CONVERSION = YES;
				CLANG_WARN_INT_CONVERSION = YES;
				CLANG_WARN_OBJC_ROOT_CLASS = YES_ERROR;
				CLANG_WARN_UNREACHABLE_CODE = YES;
				CLANG_WARN__DUPLICATE_METHOD_MATCH = YES;
				"CODE_SIGN_IDENTITY[sdk=iphoneos*]" = "iPhone Developer";
				COPY_PHASE_STRIP = NO;
				DEBUG_INFORMATION_FORMAT = "dwarf-with-dsym";
				ENABLE_STRICT_OBJC_MSGSEND = YES;
				GCC_C_LANGUAGE_STANDARD = gnu99;
				GCC_DYNAMIC_NO_PIC = NO;
				GCC_NO_COMMON_BLOCKS = YES;
				GCC_OPTIMIZATION_LEVEL = 0;
				GCC_PREPROCESSOR_DEFINITIONS = (
					"DEBUG=1",
					"$(inherited)",
				);
				GCC_SYMBOLS_PRIVATE_EXTERN = NO;
				GCC_WARN_64_TO_32_BIT_CONVERSION = YES;
				GCC_WARN_ABOUT_RETURN_TYPE = YES_ERROR;
				GCC_WARN_UNDECLARED_SELECTOR = YES;
				GCC_WARN_UNINITIALIZED_AUTOS = YES_AGGRESSIVE;
				GCC_WARN_UNUSED_FUNCTION = YES;
				GCC_WARN_UNUSED_VARIABLE = YES;
				IPHONEOS_DEPLOYMENT_TARGET = 7.0;
				MTL_ENABLE_DEBUG_INFO = YES;
				ONLY_ACTIVE_ARCH = YES;
				SDKROOT = iphoneos;
				TARGETED_DEVICE_FAMILY = "1,2";
			};
			name = Debug;
		};
		D4E81D7C1AEE8DB9006F6502 /* Release */ = {
			isa = XCBuildConfiguration;
			buildSettings = {
				ALWAYS_SEARCH_USER_PATHS = NO;
				CLANG_CXX_LANGUAGE_STANDARD = "gnu++0x";
				CLANG_CXX_LIBRARY = "libc++";
				CLANG_ENABLE_MODULES = YES;
				CLANG_ENABLE_OBJC_ARC = YES;
				CLANG_WARN_BOOL_CONVERSION = YES;
				CLANG_WARN_CONSTANT_CONVERSION = YES;
				CLANG_WARN_DIRECT_OBJC_ISA_USAGE = YES_ERROR;
				CLANG_WARN_EMPTY_BODY = YES;
				CLANG_WARN_ENUM_CONVERSION = YES;
				CLANG_WARN_INT_CONVERSION = YES;
				CLANG_WARN_OBJC_ROOT_CLASS = YES_ERROR;
				CLANG_WARN_UNREACHABLE_CODE = YES;
				CLANG_WARN__DUPLICATE_METHOD_MATCH = YES;
				"CODE_SIGN_IDENTITY[sdk=iphoneos*]" = "iPhone Developer";
				COPY_PHASE_STRIP = NO;
				DEBUG_INFORMATION_FORMAT = "dwarf-with-dsym";
				ENABLE_NS_ASSERTIONS = NO;
				ENABLE_STRICT_OBJC_MSGSEND = YES;
				GCC_C_LANGUAGE_STANDARD = gnu99;
				GCC_NO_COMMON_BLOCKS = YES;
				GCC_WARN_64_TO_32_BIT_CONVERSION = YES;
				GCC_WARN_ABOUT_RETURN_TYPE = YES_ERROR;
				GCC_WARN_UNDECLARED_SELECTOR = YES;
				GCC_WARN_UNINITIALIZED_AUTOS = YES_AGGRESSIVE;
				GCC_WARN_UNUSED_FUNCTION = YES;
				GCC_WARN_UNUSED_VARIABLE = YES;
				IPHONEOS_DEPLOYMENT_TARGET = 7.0;
				MTL_ENABLE_DEBUG_INFO = NO;
				SDKROOT = iphoneos;
				TARGETED_DEVICE_FAMILY = "1,2";
				VALIDATE_PRODUCT = YES;
			};
			name = Release;
		};
		D4E81D7E1AEE8DB9006F6502 /* Debug */ = {
			isa = XCBuildConfiguration;
			buildSettings = {
				ASSETCATALOG_COMPILER_APPICON_NAME = AppIcon;
				INFOPLIST_FILE = Info.plist;
				LD_RUNPATH_SEARCH_PATHS = "$(inherited) @executable_path/Frameworks";
				PRODUCT_NAME = "$(TARGET_NAME)";
			};
			name = Debug;
		};
		D4E81D7F1AEE8DB9006F6502 /* Release */ = {
			isa = XCBuildConfiguration;
			buildSettings = {
				ASSETCATALOG_COMPILER_APPICON_NAME = AppIcon;
				INFOPLIST_FILE = Info.plist;
				LD_RUNPATH_SEARCH_PATHS = "$(inherited) @executable_path/Frameworks";
				PRODUCT_NAME = "$(TARGET_NAME)";
			};
			name = Release;
		};
/* End XCBuildConfiguration section */

/* Begin XCConfigurationList section */
		D4E81D551AEE8DB9006F6502 /* Build configuration list for PBXProject "JLNRSideBarControllerExample" */ = {
			isa = XCConfigurationList;
			buildConfigurations = (
				D4E81D7B1AEE8DB9006F6502 /* Debug */,
				D4E81D7C1AEE8DB9006F6502 /* Release */,
			);
			defaultConfigurationIsVisible = 0;
			defaultConfigurationName = Release;
		};
		D4E81D7D1AEE8DB9006F6502 /* Build configuration list for PBXNativeTarget "JLNRSideBarControllerExample" */ = {
			isa = XCConfigurationList;
			buildConfigurations = (
				D4E81D7E1AEE8DB9006F6502 /* Debug */,
				D4E81D7F1AEE8DB9006F6502 /* Release */,
			);
			defaultConfigurationIsVisible = 0;
			defaultConfigurationName = Release;
		};
/* End XCConfigurationList section */
	};
	rootObject = D4E81D521AEE8DB9006F6502 /* Project object */;
}
